
Microsoft Visual Studio Solution File, Format Version 12.00
# Visual Studio Version 17
VisualStudioVersion = 17.7.34031.279
MinimumVisualStudioVersion = 10.0.40219.1
Project("{2150E333-8FDC-42A3-9474-1A3956D46DE8}") = "Services", "Services", "{8EAF5195-CD22-44CB-9C7E-15B9DE8D66F6}"
EndProject
Project("{2150E333-8FDC-42A3-9474-1A3956D46DE8}") = "Catalog", "Catalog", "{09C89F10-EA2B-4775-91E1-CA747B2A181B}"
EndProject
Project("{9A19103F-16F7-4668-BE54-9A1E7A4F7556}") = "AkademiPlusMicroservice.Catalog", "Services\Catalog\AkademiPlusMicroservice.Catalog\AkademiPlusMicroservice.Catalog.csproj", "{359C032D-31DA-4243-A3AA-90A85C31E2DD}"
EndProject
Project("{2150E333-8FDC-42A3-9474-1A3956D46DE8}") = "Shared", "Shared", "{C2282B81-8C1E-4A68-BD58-E789061CFFC0}"
EndProject
Project("{9A19103F-16F7-4668-BE54-9A1E7A4F7556}") = "AkademiPlusMicroservice.Shared", "Shared\AkademiPlusMicroservice.Shared\AkademiPlusMicroservice.Shared.csproj", "{018E51C8-DBA7-4BC1-926E-349BB39108EE}"
EndProject
Project("{2150E333-8FDC-42A3-9474-1A3956D46DE8}") = "IdentityServer", "IdentityServer", "{ED9CBC57-0BC1-4203-BF25-3706ACAF2C63}"
EndProject
Project("{9A19103F-16F7-4668-BE54-9A1E7A4F7556}") = "AkademiPlus.IdentityServer", "IdentityServer\AkademiPlus.IdentityServer\AkademiPlus.IdentityServer.csproj", "{2DAC7A79-0DBF-4ACC-87BB-DEB7B0CE647F}"
EndProject
Project("{2150E333-8FDC-42A3-9474-1A3956D46DE8}") = "Discount", "Discount", "{333B12BC-B29B-4D9E-8A61-DE2061BDB0B2}"
EndProject
Project("{9A19103F-16F7-4668-BE54-9A1E7A4F7556}") = "AkademiPlusMicroservice.Discount", "Services\Discount\AkademiPlusMicroservice.Discount\AkademiPlusMicroservice.Discount.csproj", "{FB952B8C-562A-4ECE-965F-882B0123A093}"
EndProject
Project("{2150E333-8FDC-42A3-9474-1A3956D46DE8}") = "Basket", "Basket", "{0B750D2E-AC57-4511-B6A5-5557A4C0418C}"
EndProject
Project("{FAE04EC0-301F-11D3-BF4B-00C04F79EFBC}") = "AkademiPlusMicroservice.Basket", "Basket\AkademiPlusMicroservice.Basket\AkademiPlusMicroservice.Basket.csproj", "{B4A66D45-80D9-4076-BEB1-079FC2B68893}"
EndProject
Global
	GlobalSection(SolutionConfigurationPlatforms) = preSolution
		Debug|Any CPU = Debug|Any CPU
		Release|Any CPU = Release|Any CPU
	EndGlobalSection
	GlobalSection(ProjectConfigurationPlatforms) = postSolution
		{359C032D-31DA-4243-A3AA-90A85C31E2DD}.Debug|Any CPU.ActiveCfg = Debug|Any CPU
		{359C032D-31DA-4243-A3AA-90A85C31E2DD}.Debug|Any CPU.Build.0 = Debug|Any CPU
		{359C032D-31DA-4243-A3AA-90A85C31E2DD}.Release|Any CPU.ActiveCfg = Release|Any CPU
		{359C032D-31DA-4243-A3AA-90A85C31E2DD}.Release|Any CPU.Build.0 = Release|Any CPU
		{018E51C8-DBA7-4BC1-926E-349BB39108EE}.Debug|Any CPU.ActiveCfg = Debug|Any CPU
		{018E51C8-DBA7-4BC1-926E-349BB39108EE}.Debug|Any CPU.Build.0 = Debug|Any CPU
		{018E51C8-DBA7-4BC1-926E-349BB39108EE}.Release|Any CPU.ActiveCfg = Release|Any CPU
		{018E51C8-DBA7-4BC1-926E-349BB39108EE}.Release|Any CPU.Build.0 = Release|Any CPU
		{2DAC7A79-0DBF-4ACC-87BB-DEB7B0CE647F}.Debug|Any CPU.ActiveCfg = Debug|Any CPU
		{2DAC7A79-0DBF-4ACC-87BB-DEB7B0CE647F}.Debug|Any CPU.Build.0 = Debug|Any CPU
		{2DAC7A79-0DBF-4ACC-87BB-DEB7B0CE647F}.Release|Any CPU.ActiveCfg = Release|Any CPU
		{2DAC7A79-0DBF-4ACC-87BB-DEB7B0CE647F}.Release|Any CPU.Build.0 = Release|Any CPU
		{FB952B8C-562A-4ECE-965F-882B0123A093}.Debug|Any CPU.ActiveCfg = Debug|Any CPU
		{FB952B8C-562A-4ECE-965F-882B0123A093}.Debug|Any CPU.Build.0 = Debug|Any CPU
		{FB952B8C-562A-4ECE-965F-882B0123A093}.Release|Any CPU.ActiveCfg = Release|Any CPU
		{FB952B8C-562A-4ECE-965F-882B0123A093}.Release|Any CPU.Build.0 = Release|Any CPU
		{B4A66D45-80D9-4076-BEB1-079FC2B68893}.Debug|Any CPU.ActiveCfg = Debug|Any CPU
		{B4A66D45-80D9-4076-BEB1-079FC2B68893}.Debug|Any CPU.Build.0 = Debug|Any CPU
		{B4A66D45-80D9-4076-BEB1-079FC2B68893}.Release|Any CPU.ActiveCfg = Release|Any CPU
		{B4A66D45-80D9-4076-BEB1-079FC2B68893}.Release|Any CPU.Build.0 = Release|Any CPU
	EndGlobalSection
	GlobalSection(SolutionProperties) = preSolution
		HideSolutionNode = FALSE
	EndGlobalSection
	GlobalSection(NestedProjects) = preSolution
		{09C89F10-EA2B-4775-91E1-CA747B2A181B} = {8EAF5195-CD22-44CB-9C7E-15B9DE8D66F6}
		{359C032D-31DA-4243-A3AA-90A85C31E2DD} = {09C89F10-EA2B-4775-91E1-CA747B2A181B}
		{018E51C8-DBA7-4BC1-926E-349BB39108EE} = {C2282B81-8C1E-4A68-BD58-E789061CFFC0}
		{2DAC7A79-0DBF-4ACC-87BB-DEB7B0CE647F} = {ED9CBC57-0BC1-4203-BF25-3706ACAF2C63}
		{333B12BC-B29B-4D9E-8A61-DE2061BDB0B2} = {8EAF5195-CD22-44CB-9C7E-15B9DE8D66F6}
		{FB952B8C-562A-4ECE-965F-882B0123A093} = {333B12BC-B29B-4D9E-8A61-DE2061BDB0B2}
		{0B750D2E-AC57-4511-B6A5-5557A4C0418C} = {8EAF5195-CD22-44CB-9C7E-15B9DE8D66F6}
		{B4A66D45-80D9-4076-BEB1-079FC2B68893} = {0B750D2E-AC57-4511-B6A5-5557A4C0418C}
	EndGlobalSection
	GlobalSection(ExtensibilityGlobals) = postSolution
		SolutionGuid = {EABB6430-3685-4E3D-A17E-D7E8F5D87717}
	EndGlobalSection
EndGlobal
