
Microsoft Visual Studio Solution File, Format Version 12.00
# Visual Studio Version 17
VisualStudioVersion = 17.7.34031.279
MinimumVisualStudioVersion = 10.0.40219.1
Project("{2150E333-8FDC-42A3-9474-1A3956D46DE8}") = "Services", "Services", "{8EAF5195-CD22-44CB-9C7E-15B9DE8D66F6}"
EndProject
Project("{2150E333-8FDC-42A3-9474-1A3956D46DE8}") = "Catalog", "Catalog", "{09C89F10-EA2B-4775-91E1-CA747B2A181B}"
EndProject
Project("{9A19103F-16F7-4668-BE54-9A1E7A4F7556}") = "AkademiPlusMicroservice.Catalog", "Services\Catalog\AkademiPlusMicroservice.Catalog\AkademiPlusMicroservice.Catalog.csproj", "{359C032D-31DA-4243-A3AA-90A85C31E2DD}"
EndProject
Project("{2150E333-8FDC-42A3-9474-1A3956D46DE8}") = "Shared", "Shared", "{C2282B81-8C1E-4A68-BD58-E789061CFFC0}"
EndProject
Project("{9A19103F-16F7-4668-BE54-9A1E7A4F7556}") = "AkademiPlusMicroservice.Shared", "Shared\AkademiPlusMicroservice.Shared\AkademiPlusMicroservice.Shared.csproj", "{018E51C8-DBA7-4BC1-926E-349BB39108EE}"
EndProject
Project("{2150E333-8FDC-42A3-9474-1A3956D46DE8}") = "IdentityServer", "IdentityServer", "{ED9CBC57-0BC1-4203-BF25-3706ACAF2C63}"
EndProject
Project("{9A19103F-16F7-4668-BE54-9A1E7A4F7556}") = "AkademiPlus.IdentityServer", "IdentityServer\AkademiPlus.IdentityServer\AkademiPlus.IdentityServer.csproj", "{2DAC7A79-0DBF-4ACC-87BB-DEB7B0CE647F}"
EndProject
Project("{2150E333-8FDC-42A3-9474-1A3956D46DE8}") = "Discount", "Discount", "{333B12BC-B29B-4D9E-8A61-DE2061BDB0B2}"
EndProject
Project("{9A19103F-16F7-4668-BE54-9A1E7A4F7556}") = "AkademiPlusMicroservice.Discount", "Services\Discount\AkademiPlusMicroservice.Discount\AkademiPlusMicroservice.Discount.csproj", "{FB952B8C-562A-4ECE-965F-882B0123A093}"
EndProject
Project("{2150E333-8FDC-42A3-9474-1A3956D46DE8}") = "Basket", "Basket", "{0B750D2E-AC57-4511-B6A5-5557A4C0418C}"
EndProject
Project("{9A19103F-16F7-4668-BE54-9A1E7A4F7556}") = "AkademiPlusMicroservice.Basket", "Basket\AkademiPlusMicroservice.Basket\AkademiPlusMicroservice.Basket.csproj", "{B4A66D45-80D9-4076-BEB1-079FC2B68893}"
EndProject
Project("{2150E333-8FDC-42A3-9474-1A3956D46DE8}") = "Order", "Order", "{9F5B0A41-9C97-4CA5-8B65-B2EAA14B62D7}"
EndProject
Project("{2150E333-8FDC-42A3-9474-1A3956D46DE8}") = "Presentation", "Presentation", "{E8F76A9C-44B1-417C-ABF7-257CAC380AD2}"
EndProject
Project("{2150E333-8FDC-42A3-9474-1A3956D46DE8}") = "Core", "Core", "{0CAFB34B-89E2-46AD-80C6-B3B851062187}"
EndProject
Project("{9A19103F-16F7-4668-BE54-9A1E7A4F7556}") = "AkademiPlusMicroservice.Services.Order.Core.Application", "Services\Order\Core\AkademiPlusMicroservice.Services.Order.Core.Application\AkademiPlusMicroservice.Services.Order.Core.Application.csproj", "{6A9B3334-59ED-407C-B03A-931577935490}"
EndProject
Project("{9A19103F-16F7-4668-BE54-9A1E7A4F7556}") = "AkademiPlusMicroservice.Services.Order.Core.Domain", "Services\Order\Core\AkademiPlusMicroservice.Services.Order.Core.Domain\AkademiPlusMicroservice.Services.Order.Core.Domain.csproj", "{681B35BD-3553-4613-995E-CFCAFCABC972}"
EndProject
Project("{9A19103F-16F7-4668-BE54-9A1E7A4F7556}") = "AkademiPlusMicroservice.Services.Order.Presentation.Api", "Services\Order\Presentation\AkademiPlusMicroservice.Services.Order.Presentation.Api\AkademiPlusMicroservice.Services.Order.Presentation.Api.csproj", "{E30840D3-EB1A-4D57-A547-E9985ACD9327}"
EndProject
Project("{2150E333-8FDC-42A3-9474-1A3956D46DE8}") = "Infrastructure", "Infrastructure", "{2377C2D8-43F0-4CAC-AE30-FCFC96CC3E9C}"
EndProject
Project("{9A19103F-16F7-4668-BE54-9A1E7A4F7556}") = "IEAMicroservice.Services.Order.Infrastructure.Persistance", "IEAMicroservice.Services.Order.Infrastructure.Persistance\IEAMicroservice.Services.Order.Infrastructure.Persistance.csproj", "{A27CA4B8-17DF-4347-A18C-ABA7A3072AE3}"
EndProject
Project("{2150E333-8FDC-42A3-9474-1A3956D46DE8}") = "Cargo", "Cargo", "{CE1AA83A-717E-4E73-B151-4561229FA5C2}"
EndProject
Project("{FAE04EC0-301F-11D3-BF4B-00C04F79EFBC}") = "AkademiPlusMicroservice.Cargo.EntityLayer", "Services\Cargo\AkademiPlusMicroservice.Cargo.EntityLayer\AkademiPlusMicroservice.Cargo.EntityLayer.csproj", "{EE1C0C74-E45D-4FB7-B28E-6C957CACBCD4}"
EndProject
Project("{FAE04EC0-301F-11D3-BF4B-00C04F79EFBC}") = "AkademiPlusMicroservice.Cargo.BusinessLayer", "Services\Cargo\AkademiPlusMicroservice.Cargo.BusinessLayer\AkademiPlusMicroservice.Cargo.BusinessLayer.csproj", "{328B492B-0AB7-4E7F-BBDD-0D72834B1D16}"
EndProject
Project("{FAE04EC0-301F-11D3-BF4B-00C04F79EFBC}") = "AkademiPlusMicroservice.Cargo.DataAccessLayer", "Services\Cargo\AkademiPlusMicroservice.Cargo.DataAccessLayer\AkademiPlusMicroservice.Cargo.DataAccessLayer.csproj", "{F9400EAE-DAAD-4F39-AE50-618DCC43BD86}"
EndProject
Project("{FAE04EC0-301F-11D3-BF4B-00C04F79EFBC}") = "AkademiPlusMicroservice.Cargo.Presentation", "Services\Cargo\AkademiPlusMicroservice.Cargo.Presentation\AkademiPlusMicroservice.Cargo.Presentation.csproj", "{E8CB365E-91AF-450B-9BCC-A6C392FE4221}"
EndProject
Global
	GlobalSection(SolutionConfigurationPlatforms) = preSolution
		Debug|Any CPU = Debug|Any CPU
		Release|Any CPU = Release|Any CPU
	EndGlobalSection
	GlobalSection(ProjectConfigurationPlatforms) = postSolution
		{359C032D-31DA-4243-A3AA-90A85C31E2DD}.Debug|Any CPU.ActiveCfg = Debug|Any CPU
		{359C032D-31DA-4243-A3AA-90A85C31E2DD}.Debug|Any CPU.Build.0 = Debug|Any CPU
		{359C032D-31DA-4243-A3AA-90A85C31E2DD}.Release|Any CPU.ActiveCfg = Release|Any CPU
		{359C032D-31DA-4243-A3AA-90A85C31E2DD}.Release|Any CPU.Build.0 = Release|Any CPU
		{018E51C8-DBA7-4BC1-926E-349BB39108EE}.Debug|Any CPU.ActiveCfg = Debug|Any CPU
		{018E51C8-DBA7-4BC1-926E-349BB39108EE}.Debug|Any CPU.Build.0 = Debug|Any CPU
		{018E51C8-DBA7-4BC1-926E-349BB39108EE}.Release|Any CPU.ActiveCfg = Release|Any CPU
		{018E51C8-DBA7-4BC1-926E-349BB39108EE}.Release|Any CPU.Build.0 = Release|Any CPU
		{2DAC7A79-0DBF-4ACC-87BB-DEB7B0CE647F}.Debug|Any CPU.ActiveCfg = Debug|Any CPU
		{2DAC7A79-0DBF-4ACC-87BB-DEB7B0CE647F}.Debug|Any CPU.Build.0 = Debug|Any CPU
		{2DAC7A79-0DBF-4ACC-87BB-DEB7B0CE647F}.Release|Any CPU.ActiveCfg = Release|Any CPU
		{2DAC7A79-0DBF-4ACC-87BB-DEB7B0CE647F}.Release|Any CPU.Build.0 = Release|Any CPU
		{FB952B8C-562A-4ECE-965F-882B0123A093}.Debug|Any CPU.ActiveCfg = Debug|Any CPU
		{FB952B8C-562A-4ECE-965F-882B0123A093}.Debug|Any CPU.Build.0 = Debug|Any CPU
		{FB952B8C-562A-4ECE-965F-882B0123A093}.Release|Any CPU.ActiveCfg = Release|Any CPU
		{FB952B8C-562A-4ECE-965F-882B0123A093}.Release|Any CPU.Build.0 = Release|Any CPU
		{B4A66D45-80D9-4076-BEB1-079FC2B68893}.Debug|Any CPU.ActiveCfg = Debug|Any CPU
		{B4A66D45-80D9-4076-BEB1-079FC2B68893}.Debug|Any CPU.Build.0 = Debug|Any CPU
		{B4A66D45-80D9-4076-BEB1-079FC2B68893}.Release|Any CPU.ActiveCfg = Release|Any CPU
		{B4A66D45-80D9-4076-BEB1-079FC2B68893}.Release|Any CPU.Build.0 = Release|Any CPU
		{6A9B3334-59ED-407C-B03A-931577935490}.Debug|Any CPU.ActiveCfg = Debug|Any CPU
		{6A9B3334-59ED-407C-B03A-931577935490}.Debug|Any CPU.Build.0 = Debug|Any CPU
		{6A9B3334-59ED-407C-B03A-931577935490}.Release|Any CPU.ActiveCfg = Release|Any CPU
		{6A9B3334-59ED-407C-B03A-931577935490}.Release|Any CPU.Build.0 = Release|Any CPU
		{681B35BD-3553-4613-995E-CFCAFCABC972}.Debug|Any CPU.ActiveCfg = Debug|Any CPU
		{681B35BD-3553-4613-995E-CFCAFCABC972}.Debug|Any CPU.Build.0 = Debug|Any CPU
		{681B35BD-3553-4613-995E-CFCAFCABC972}.Release|Any CPU.ActiveCfg = Release|Any CPU
		{681B35BD-3553-4613-995E-CFCAFCABC972}.Release|Any CPU.Build.0 = Release|Any CPU
		{E30840D3-EB1A-4D57-A547-E9985ACD9327}.Debug|Any CPU.ActiveCfg = Debug|Any CPU
		{E30840D3-EB1A-4D57-A547-E9985ACD9327}.Debug|Any CPU.Build.0 = Debug|Any CPU
		{E30840D3-EB1A-4D57-A547-E9985ACD9327}.Release|Any CPU.ActiveCfg = Release|Any CPU
		{E30840D3-EB1A-4D57-A547-E9985ACD9327}.Release|Any CPU.Build.0 = Release|Any CPU
		{A27CA4B8-17DF-4347-A18C-ABA7A3072AE3}.Debug|Any CPU.ActiveCfg = Debug|Any CPU
		{A27CA4B8-17DF-4347-A18C-ABA7A3072AE3}.Debug|Any CPU.Build.0 = Debug|Any CPU
		{A27CA4B8-17DF-4347-A18C-ABA7A3072AE3}.Release|Any CPU.ActiveCfg = Release|Any CPU
		{A27CA4B8-17DF-4347-A18C-ABA7A3072AE3}.Release|Any CPU.Build.0 = Release|Any CPU
		{EE1C0C74-E45D-4FB7-B28E-6C957CACBCD4}.Debug|Any CPU.ActiveCfg = Debug|Any CPU
		{EE1C0C74-E45D-4FB7-B28E-6C957CACBCD4}.Debug|Any CPU.Build.0 = Debug|Any CPU
		{EE1C0C74-E45D-4FB7-B28E-6C957CACBCD4}.Release|Any CPU.ActiveCfg = Release|Any CPU
		{EE1C0C74-E45D-4FB7-B28E-6C957CACBCD4}.Release|Any CPU.Build.0 = Release|Any CPU
		{328B492B-0AB7-4E7F-BBDD-0D72834B1D16}.Debug|Any CPU.ActiveCfg = Debug|Any CPU
		{328B492B-0AB7-4E7F-BBDD-0D72834B1D16}.Debug|Any CPU.Build.0 = Debug|Any CPU
		{328B492B-0AB7-4E7F-BBDD-0D72834B1D16}.Release|Any CPU.ActiveCfg = Release|Any CPU
		{328B492B-0AB7-4E7F-BBDD-0D72834B1D16}.Release|Any CPU.Build.0 = Release|Any CPU
		{F9400EAE-DAAD-4F39-AE50-618DCC43BD86}.Debug|Any CPU.ActiveCfg = Debug|Any CPU
		{F9400EAE-DAAD-4F39-AE50-618DCC43BD86}.Debug|Any CPU.Build.0 = Debug|Any CPU
		{F9400EAE-DAAD-4F39-AE50-618DCC43BD86}.Release|Any CPU.ActiveCfg = Release|Any CPU
		{F9400EAE-DAAD-4F39-AE50-618DCC43BD86}.Release|Any CPU.Build.0 = Release|Any CPU
		{E8CB365E-91AF-450B-9BCC-A6C392FE4221}.Debug|Any CPU.ActiveCfg = Debug|Any CPU
		{E8CB365E-91AF-450B-9BCC-A6C392FE4221}.Debug|Any CPU.Build.0 = Debug|Any CPU
		{E8CB365E-91AF-450B-9BCC-A6C392FE4221}.Release|Any CPU.ActiveCfg = Release|Any CPU
		{E8CB365E-91AF-450B-9BCC-A6C392FE4221}.Release|Any CPU.Build.0 = Release|Any CPU
	EndGlobalSection
	GlobalSection(SolutionProperties) = preSolution
		HideSolutionNode = FALSE
	EndGlobalSection
	GlobalSection(NestedProjects) = preSolution
		{09C89F10-EA2B-4775-91E1-CA747B2A181B} = {8EAF5195-CD22-44CB-9C7E-15B9DE8D66F6}
		{359C032D-31DA-4243-A3AA-90A85C31E2DD} = {09C89F10-EA2B-4775-91E1-CA747B2A181B}
		{018E51C8-DBA7-4BC1-926E-349BB39108EE} = {C2282B81-8C1E-4A68-BD58-E789061CFFC0}
		{2DAC7A79-0DBF-4ACC-87BB-DEB7B0CE647F} = {ED9CBC57-0BC1-4203-BF25-3706ACAF2C63}
		{333B12BC-B29B-4D9E-8A61-DE2061BDB0B2} = {8EAF5195-CD22-44CB-9C7E-15B9DE8D66F6}
		{FB952B8C-562A-4ECE-965F-882B0123A093} = {333B12BC-B29B-4D9E-8A61-DE2061BDB0B2}
		{0B750D2E-AC57-4511-B6A5-5557A4C0418C} = {8EAF5195-CD22-44CB-9C7E-15B9DE8D66F6}
		{B4A66D45-80D9-4076-BEB1-079FC2B68893} = {0B750D2E-AC57-4511-B6A5-5557A4C0418C}
		{9F5B0A41-9C97-4CA5-8B65-B2EAA14B62D7} = {8EAF5195-CD22-44CB-9C7E-15B9DE8D66F6}
		{E8F76A9C-44B1-417C-ABF7-257CAC380AD2} = {9F5B0A41-9C97-4CA5-8B65-B2EAA14B62D7}
		{0CAFB34B-89E2-46AD-80C6-B3B851062187} = {9F5B0A41-9C97-4CA5-8B65-B2EAA14B62D7}
		{6A9B3334-59ED-407C-B03A-931577935490} = {0CAFB34B-89E2-46AD-80C6-B3B851062187}
		{681B35BD-3553-4613-995E-CFCAFCABC972} = {0CAFB34B-89E2-46AD-80C6-B3B851062187}
		{E30840D3-EB1A-4D57-A547-E9985ACD9327} = {E8F76A9C-44B1-417C-ABF7-257CAC380AD2}
		{2377C2D8-43F0-4CAC-AE30-FCFC96CC3E9C} = {9F5B0A41-9C97-4CA5-8B65-B2EAA14B62D7}
		{A27CA4B8-17DF-4347-A18C-ABA7A3072AE3} = {2377C2D8-43F0-4CAC-AE30-FCFC96CC3E9C}
		{CE1AA83A-717E-4E73-B151-4561229FA5C2} = {8EAF5195-CD22-44CB-9C7E-15B9DE8D66F6}
		{EE1C0C74-E45D-4FB7-B28E-6C957CACBCD4} = {CE1AA83A-717E-4E73-B151-4561229FA5C2}
		{328B492B-0AB7-4E7F-BBDD-0D72834B1D16} = {CE1AA83A-717E-4E73-B151-4561229FA5C2}
		{F9400EAE-DAAD-4F39-AE50-618DCC43BD86} = {CE1AA83A-717E-4E73-B151-4561229FA5C2}
		{E8CB365E-91AF-450B-9BCC-A6C392FE4221} = {CE1AA83A-717E-4E73-B151-4561229FA5C2}
	EndGlobalSection
	GlobalSection(ExtensibilityGlobals) = postSolution
		SolutionGuid = {EABB6430-3685-4E3D-A17E-D7E8F5D87717}
	EndGlobalSection
EndGlobal
